{
    "name": "component.logging",
    "version": "1.0.0",
    "lockfileVersion": 1,
    "requires": true,
    "dependencies": {
        "component.config": {
            "version": "git+https://github.com/marchuanv/component.config.git#da4a3113da190f0c7ebe5a0da0e6dbab35a57187",
            "from": "git+https://github.com/marchuanv/component.config.git"
        },
        "utils": {
            "version": "git+https://github.com/marchuanv/utils.git#f4aadb3f78b941297cba9d3de765019e6d5426f2",
            "from": "git+https://github.com/marchuanv/utils.git"
        }
    }
}
