{
    "name": "component.logging",
    "version": "1.0.0",
    "lockfileVersion": 1,
    "requires": true,
    "dependencies": {
        "component": {
            "version": "git+https://github.com/marchuanv/component.git#0151ffee7d97650587520f95a93a6277844ff48e",
            "from": "git+https://github.com/marchuanv/component.git"
        },
        "component.config": {
            "version": "git+https://github.com/marchuanv/component.config.git#d42fcac412f73297c6a03c2ee37444c53cc2c922",
            "from": "git+https://github.com/marchuanv/component.config.git",
            "requires": {
                "component": "git+https://github.com/marchuanv/component.git"
            }
        },
        "utils": {
            "version": "git+https://github.com/marchuanv/utils.git#3815045a6d4d37009a90eb10e50566118bb1d8f9",
            "from": "git+https://github.com/marchuanv/utils.git"
        }
    }
}
