{
    "name": "utils",
    "version": "1.0.0",
    "lockfileVersion": 1,
    "requires": true,
    "dependencies": {
        "utils": {
            "version": "git+https://github.com/marchuanv/utils.git#62a67319857700bffa7133faf1eaf26ad9cb0f10",
            "from": "git+https://github.com/marchuanv/utils.git"
        }
    }
}
